// !$*UTF8*$!
{
	archiveVersion = 1;
	classes = {
	};
	objectVersion = 55;
	objects = {

/* Begin PBXBuildFile section */
		B3B47D232768FDC600D9DC40 /* BeerListingTableViewCell.swift in Sources */ = {isa = PBXBuildFile; fileRef = B3B47D222768FDC600D9DC40 /* BeerListingTableViewCell.swift */; };
		B3B47D252768FDDF00D9DC40 /* Extensions.swift in Sources */ = {isa = PBXBuildFile; fileRef = B3B47D242768FDDF00D9DC40 /* Extensions.swift */; };
		B3D4FC122768BAC3001E4597 /* AppDelegate.swift in Sources */ = {isa = PBXBuildFile; fileRef = B3D4FC112768BAC3001E4597 /* AppDelegate.swift */; };
		B3D4FC142768BAC3001E4597 /* SceneDelegate.swift in Sources */ = {isa = PBXBuildFile; fileRef = B3D4FC132768BAC3001E4597 /* SceneDelegate.swift */; };
		B3D4FC162768BAC3001E4597 /* BeerListingViewController.swift in Sources */ = {isa = PBXBuildFile; fileRef = B3D4FC152768BAC3001E4597 /* BeerListingViewController.swift */; };
		B3D4FC192768BAC3001E4597 /* Main.storyboard in Resources */ = {isa = PBXBuildFile; fileRef = B3D4FC172768BAC3001E4597 /* Main.storyboard */; };
		B3D4FC1B2768BAC5001E4597 /* Assets.xcassets in Resources */ = {isa = PBXBuildFile; fileRef = B3D4FC1A2768BAC5001E4597 /* Assets.xcassets */; };
		B3D4FC1E2768BAC5001E4597 /* LaunchScreen.storyboard in Resources */ = {isa = PBXBuildFile; fileRef = B3D4FC1C2768BAC5001E4597 /* LaunchScreen.storyboard */; };
		B3D4FC292768BAC5001E4597 /* SwiftNetworkTDD_AppivateExampleCodeTests.swift in Sources */ = {isa = PBXBuildFile; fileRef = B3D4FC282768BAC5001E4597 /* SwiftNetworkTDD_AppivateExampleCodeTests.swift */; };
		B3D4FC332768BAC5001E4597 /* SwiftNetworkTDD_AppivateExampleCodeUITests.swift in Sources */ = {isa = PBXBuildFile; fileRef = B3D4FC322768BAC5001E4597 /* SwiftNetworkTDD_AppivateExampleCodeUITests.swift */; };
		B3D4FC352768BAC5001E4597 /* SwiftNetworkTDD_AppivateExampleCodeUITestsLaunchTests.swift in Sources */ = {isa = PBXBuildFile; fileRef = B3D4FC342768BAC5001E4597 /* SwiftNetworkTDD_AppivateExampleCodeUITestsLaunchTests.swift */; };
/* End PBXBuildFile section */

/* Begin PBXContainerItemProxy section */
		B3D4FC252768BAC5001E4597 /* PBXContainerItemProxy */ = {
			isa = PBXContainerItemProxy;
			containerPortal = B3D4FC062768BAC3001E4597 /* Project object */;
			proxyType = 1;
			remoteGlobalIDString = B3D4FC0D2768BAC3001E4597;
			remoteInfo = "SwiftNetworkTDD-AppivateExampleCode";
		};
		B3D4FC2F2768BAC5001E4597 /* PBXContainerItemProxy */ = {
			isa = PBXContainerItemProxy;
			containerPortal = B3D4FC062768BAC3001E4597 /* Project object */;
			proxyType = 1;
			remoteGlobalIDString = B3D4FC0D2768BAC3001E4597;
			remoteInfo = "SwiftNetworkTDD-AppivateExampleCode";
		};
/* End PBXContainerItemProxy section */

/* Begin PBXFileReference section */
		B3B47D222768FDC600D9DC40 /* BeerListingTableViewCell.swift */ = {isa = PBXFileReference; lastKnownFileType = sourcecode.swift; path = BeerListingTableViewCell.swift; sourceTree = "<group>"; };
		B3B47D242768FDDF00D9DC40 /* Extensions.swift */ = {isa = PBXFileReference; lastKnownFileType = sourcecode.swift; path = Extensions.swift; sourceTree = "<group>"; };
		B3D4FC0E2768BAC3001E4597 /* SwiftNetworkTDD-AppivateExampleCode.app */ = {isa = PBXFileReference; explicitFileType = wrapper.application; includeInIndex = 0; path = "SwiftNetworkTDD-AppivateExampleCode.app"; sourceTree = BUILT_PRODUCTS_DIR; };
		B3D4FC112768BAC3001E4597 /* AppDelegate.swift */ = {isa = PBXFileReference; lastKnownFileType = sourcecode.swift; path = AppDelegate.swift; sourceTree = "<group>"; };
		B3D4FC132768BAC3001E4597 /* SceneDelegate.swift */ = {isa = PBXFileReference; lastKnownFileType = sourcecode.swift; path = SceneDelegate.swift; sourceTree = "<group>"; };
		B3D4FC152768BAC3001E4597 /* BeerListingViewController.swift */ = {isa = PBXFileReference; lastKnownFileType = sourcecode.swift; path = BeerListingViewController.swift; sourceTree = "<group>"; };
		B3D4FC182768BAC3001E4597 /* Base */ = {isa = PBXFileReference; lastKnownFileType = file.storyboard; name = Base; path = Base.lproj/Main.storyboard; sourceTree = "<group>"; };
		B3D4FC1A2768BAC5001E4597 /* Assets.xcassets */ = {isa = PBXFileReference; lastKnownFileType = folder.assetcatalog; path = Assets.xcassets; sourceTree = "<group>"; };
		B3D4FC1D2768BAC5001E4597 /* Base */ = {isa = PBXFileReference; lastKnownFileType = file.storyboard; name = Base; path = Base.lproj/LaunchScreen.storyboard; sourceTree = "<group>"; };
		B3D4FC1F2768BAC5001E4597 /* Info.plist */ = {isa = PBXFileReference; lastKnownFileType = text.plist.xml; path = Info.plist; sourceTree = "<group>"; };
		B3D4FC242768BAC5001E4597 /* SwiftNetworkTDD-AppivateExampleCodeTests.xctest */ = {isa = PBXFileReference; explicitFileType = wrapper.cfbundle; includeInIndex = 0; path = "SwiftNetworkTDD-AppivateExampleCodeTests.xctest"; sourceTree = BUILT_PRODUCTS_DIR; };
		B3D4FC282768BAC5001E4597 /* SwiftNetworkTDD_AppivateExampleCodeTests.swift */ = {isa = PBXFileReference; lastKnownFileType = sourcecode.swift; path = SwiftNetworkTDD_AppivateExampleCodeTests.swift; sourceTree = "<group>"; };
		B3D4FC2E2768BAC5001E4597 /* SwiftNetworkTDD-AppivateExampleCodeUITests.xctest */ = {isa = PBXFileReference; explicitFileType = wrapper.cfbundle; includeInIndex = 0; path = "SwiftNetworkTDD-AppivateExampleCodeUITests.xctest"; sourceTree = BUILT_PRODUCTS_DIR; };
		B3D4FC322768BAC5001E4597 /* SwiftNetworkTDD_AppivateExampleCodeUITests.swift */ = {isa = PBXFileReference; lastKnownFileType = sourcecode.swift; path = SwiftNetworkTDD_AppivateExampleCodeUITests.swift; sourceTree = "<group>"; };
		B3D4FC342768BAC5001E4597 /* SwiftNetworkTDD_AppivateExampleCodeUITestsLaunchTests.swift */ = {isa = PBXFileReference; lastKnownFileType = sourcecode.swift; path = SwiftNetworkTDD_AppivateExampleCodeUITestsLaunchTests.swift; sourceTree = "<group>"; };
/* End PBXFileReference section */

/* Begin PBXFrameworksBuildPhase section */
		B3D4FC0B2768BAC3001E4597 /* Frameworks */ = {
			isa = PBXFrameworksBuildPhase;
			buildActionMask = 2147483647;
			files = (
			);
			runOnlyForDeploymentPostprocessing = 0;
		};
		B3D4FC212768BAC5001E4597 /* Frameworks */ = {
			isa = PBXFrameworksBuildPhase;
			buildActionMask = 2147483647;
			files = (
			);
			runOnlyForDeploymentPostprocessing = 0;
		};
		B3D4FC2B2768BAC5001E4597 /* Frameworks */ = {
			isa = PBXFrameworksBuildPhase;
			buildActionMask = 2147483647;
			files = (
			);
			runOnlyForDeploymentPostprocessing = 0;
		};
/* End PBXFrameworksBuildPhase section */

/* Begin PBXGroup section */
		B3B47D1C2768FD2600D9DC40 /* Delegates */ = {
			isa = PBXGroup;
			children = (
				B3D4FC112768BAC3001E4597 /* AppDelegate.swift */,
				B3D4FC132768BAC3001E4597 /* SceneDelegate.swift */,
			);
			path = Delegates;
			sourceTree = "<group>";
		};
		B3B47D1D2768FD3A00D9DC40 /* Assets */ = {
			isa = PBXGroup;
			children = (
				B3B47D242768FDDF00D9DC40 /* Extensions.swift */,
				B3D4FC1C2768BAC5001E4597 /* LaunchScreen.storyboard */,
				B3D4FC1A2768BAC5001E4597 /* Assets.xcassets */,
			);
			path = Assets;
			sourceTree = "<group>";
		};
		B3B47D1E2768FD4700D9DC40 /* Listing */ = {
			isa = PBXGroup;
			children = (
				B3B47D1F2768FD6300D9DC40 /* View */,
			);
			path = Listing;
			sourceTree = "<group>";
		};
		B3B47D1F2768FD6300D9DC40 /* View */ = {
			isa = PBXGroup;
			children = (
				B3D4FC152768BAC3001E4597 /* BeerListingViewController.swift */,
				B3D4FC172768BAC3001E4597 /* Main.storyboard */,
				B3B47D202768FD9F00D9DC40 /* Cells */,
			);
			path = View;
			sourceTree = "<group>";
		};
		B3B47D202768FD9F00D9DC40 /* Cells */ = {
			isa = PBXGroup;
			children = (
				B3B47D222768FDC600D9DC40 /* BeerListingTableViewCell.swift */,
			);
			path = Cells;
			sourceTree = "<group>";
		};
		B3D4FC052768BAC3001E4597 = {
			isa = PBXGroup;
			children = (
				B3D4FC102768BAC3001E4597 /* SwiftNetworkTDD-AppivateExampleCode */,
				B3D4FC272768BAC5001E4597 /* SwiftNetworkTDD-AppivateExampleCodeTests */,
				B3D4FC312768BAC5001E4597 /* SwiftNetworkTDD-AppivateExampleCodeUITests */,
				B3D4FC0F2768BAC3001E4597 /* Products */,
			);
			sourceTree = "<group>";
		};
		B3D4FC0F2768BAC3001E4597 /* Products */ = {
			isa = PBXGroup;
			children = (
				B3D4FC0E2768BAC3001E4597 /* SwiftNetworkTDD-AppivateExampleCode.app */,
				B3D4FC242768BAC5001E4597 /* SwiftNetworkTDD-AppivateExampleCodeTests.xctest */,
				B3D4FC2E2768BAC5001E4597 /* SwiftNetworkTDD-AppivateExampleCodeUITests.xctest */,
			);
			name = Products;
			sourceTree = "<group>";
		};
		B3D4FC102768BAC3001E4597 /* SwiftNetworkTDD-AppivateExampleCode */ = {
			isa = PBXGroup;
			children = (
				B3B47D1E2768FD4700D9DC40 /* Listing */,
				B3B47D1D2768FD3A00D9DC40 /* Assets */,
				B3B47D1C2768FD2600D9DC40 /* Delegates */,
				B3D4FC1F2768BAC5001E4597 /* Info.plist */,
			);
			path = "SwiftNetworkTDD-AppivateExampleCode";
			sourceTree = "<group>";
		};
		B3D4FC272768BAC5001E4597 /* SwiftNetworkTDD-AppivateExampleCodeTests */ = {
			isa = PBXGroup;
			children = (
				B3D4FC282768BAC5001E4597 /* SwiftNetworkTDD_AppivateExampleCodeTests.swift */,
			);
			path = "SwiftNetworkTDD-AppivateExampleCodeTests";
			sourceTree = "<group>";
		};
		B3D4FC312768BAC5001E4597 /* SwiftNetworkTDD-AppivateExampleCodeUITests */ = {
			isa = PBXGroup;
			children = (
				B3D4FC322768BAC5001E4597 /* SwiftNetworkTDD_AppivateExampleCodeUITests.swift */,
				B3D4FC342768BAC5001E4597 /* SwiftNetworkTDD_AppivateExampleCodeUITestsLaunchTests.swift */,
			);
			path = "SwiftNetworkTDD-AppivateExampleCodeUITests";
			sourceTree = "<group>";
		};
/* End PBXGroup section */

/* Begin PBXNativeTarget section */
		B3D4FC0D2768BAC3001E4597 /* SwiftNetworkTDD-AppivateExampleCode */ = {
			isa = PBXNativeTarget;
			buildConfigurationList = B3D4FC382768BAC5001E4597 /* Build configuration list for PBXNativeTarget "SwiftNetworkTDD-AppivateExampleCode" */;
			buildPhases = (
				B3D4FC0A2768BAC3001E4597 /* Sources */,
				B3D4FC0B2768BAC3001E4597 /* Frameworks */,
				B3D4FC0C2768BAC3001E4597 /* Resources */,
			);
			buildRules = (
			);
			dependencies = (
			);
			name = "SwiftNetworkTDD-AppivateExampleCode";
			productName = "SwiftNetworkTDD-AppivateExampleCode";
			productReference = B3D4FC0E2768BAC3001E4597 /* SwiftNetworkTDD-AppivateExampleCode.app */;
			productType = "com.apple.product-type.application";
		};
		B3D4FC232768BAC5001E4597 /* SwiftNetworkTDD-AppivateExampleCodeTests */ = {
			isa = PBXNativeTarget;
			buildConfigurationList = B3D4FC3B2768BAC5001E4597 /* Build configuration list for PBXNativeTarget "SwiftNetworkTDD-AppivateExampleCodeTests" */;
			buildPhases = (
				B3D4FC202768BAC5001E4597 /* Sources */,
				B3D4FC212768BAC5001E4597 /* Frameworks */,
				B3D4FC222768BAC5001E4597 /* Resources */,
			);
			buildRules = (
			);
			dependencies = (
				B3D4FC262768BAC5001E4597 /* PBXTargetDependency */,
			);
			name = "SwiftNetworkTDD-AppivateExampleCodeTests";
			productName = "SwiftNetworkTDD-AppivateExampleCodeTests";
			productReference = B3D4FC242768BAC5001E4597 /* SwiftNetworkTDD-AppivateExampleCodeTests.xctest */;
			productType = "com.apple.product-type.bundle.unit-test";
		};
		B3D4FC2D2768BAC5001E4597 /* SwiftNetworkTDD-AppivateExampleCodeUITests */ = {
			isa = PBXNativeTarget;
			buildConfigurationList = B3D4FC3E2768BAC5001E4597 /* Build configuration list for PBXNativeTarget "SwiftNetworkTDD-AppivateExampleCodeUITests" */;
			buildPhases = (
				B3D4FC2A2768BAC5001E4597 /* Sources */,
				B3D4FC2B2768BAC5001E4597 /* Frameworks */,
				B3D4FC2C2768BAC5001E4597 /* Resources */,
			);
			buildRules = (
			);
			dependencies = (
				B3D4FC302768BAC5001E4597 /* PBXTargetDependency */,
			);
			name = "SwiftNetworkTDD-AppivateExampleCodeUITests";
			productName = "SwiftNetworkTDD-AppivateExampleCodeUITests";
			productReference = B3D4FC2E2768BAC5001E4597 /* SwiftNetworkTDD-AppivateExampleCodeUITests.xctest */;
			productType = "com.apple.product-type.bundle.ui-testing";
		};
/* End PBXNativeTarget section */

/* Begin PBXProject section */
		B3D4FC062768BAC3001E4597 /* Project object */ = {
			isa = PBXProject;
			attributes = {
				BuildIndependentTargetsInParallel = 1;
				LastSwiftUpdateCheck = 1310;
				LastUpgradeCheck = 1310;
				TargetAttributes = {
					B3D4FC0D2768BAC3001E4597 = {
						CreatedOnToolsVersion = 13.1;
					};
					B3D4FC232768BAC5001E4597 = {
						CreatedOnToolsVersion = 13.1;
						TestTargetID = B3D4FC0D2768BAC3001E4597;
					};
					B3D4FC2D2768BAC5001E4597 = {
						CreatedOnToolsVersion = 13.1;
						TestTargetID = B3D4FC0D2768BAC3001E4597;
					};
				};
			};
			buildConfigurationList = B3D4FC092768BAC3001E4597 /* Build configuration list for PBXProject "SwiftNetworkTDD-AppivateExampleCode" */;
			compatibilityVersion = "Xcode 13.0";
			developmentRegion = en;
			hasScannedForEncodings = 0;
			knownRegions = (
				en,
				Base,
			);
			mainGroup = B3D4FC052768BAC3001E4597;
			productRefGroup = B3D4FC0F2768BAC3001E4597 /* Products */;
			projectDirPath = "";
			projectRoot = "";
			targets = (
				B3D4FC0D2768BAC3001E4597 /* SwiftNetworkTDD-AppivateExampleCode */,
				B3D4FC232768BAC5001E4597 /* SwiftNetworkTDD-AppivateExampleCodeTests */,
				B3D4FC2D2768BAC5001E4597 /* SwiftNetworkTDD-AppivateExampleCodeUITests */,
			);
		};
/* End PBXProject section */

/* Begin PBXResourcesBuildPhase section */
		B3D4FC0C2768BAC3001E4597 /* Resources */ = {
			isa = PBXResourcesBuildPhase;
			buildActionMask = 2147483647;
			files = (
				B3D4FC1E2768BAC5001E4597 /* LaunchScreen.storyboard in Resources */,
				B3D4FC1B2768BAC5001E4597 /* Assets.xcassets in Resources */,
				B3D4FC192768BAC3001E4597 /* Main.storyboard in Resources */,
			);
			runOnlyForDeploymentPostprocessing = 0;
		};
		B3D4FC222768BAC5001E4597 /* Resources */ = {
			isa = PBXResourcesBuildPhase;
			buildActionMask = 2147483647;
			files = (
			);
			runOnlyForDeploymentPostprocessing = 0;
		};
		B3D4FC2C2768BAC5001E4597 /* Resources */ = {
			isa = PBXResourcesBuildPhase;
			buildActionMask = 2147483647;
			files = (
			);
			runOnlyForDeploymentPostprocessing = 0;
		};
/* End PBXResourcesBuildPhase section */

/* Begin PBXSourcesBuildPhase section */
		B3D4FC0A2768BAC3001E4597 /* Sources */ = {
			isa = PBXSourcesBuildPhase;
			buildActionMask = 2147483647;
			files = (
				B3B47D252768FDDF00D9DC40 /* Extensions.swift in Sources */,
				B3B47D232768FDC600D9DC40 /* BeerListingTableViewCell.swift in Sources */,
				B3D4FC162768BAC3001E4597 /* BeerListingViewController.swift in Sources */,
				B3D4FC122768BAC3001E4597 /* AppDelegate.swift in Sources */,
				B3D4FC142768BAC3001E4597 /* SceneDelegate.swift in Sources */,
			);
			runOnlyForDeploymentPostprocessing = 0;
		};
		B3D4FC202768BAC5001E4597 /* Sources */ = {
			isa = PBXSourcesBuildPhase;
			buildActionMask = 2147483647;
			files = (
				B3D4FC292768BAC5001E4597 /* SwiftNetworkTDD_AppivateExampleCodeTests.swift in Sources */,
			);
			runOnlyForDeploymentPostprocessing = 0;
		};
		B3D4FC2A2768BAC5001E4597 /* Sources */ = {
			isa = PBXSourcesBuildPhase;
			buildActionMask = 2147483647;
			files = (
				B3D4FC352768BAC5001E4597 /* SwiftNetworkTDD_AppivateExampleCodeUITestsLaunchTests.swift in Sources */,
				B3D4FC332768BAC5001E4597 /* SwiftNetworkTDD_AppivateExampleCodeUITests.swift in Sources */,
			);
			runOnlyForDeploymentPostprocessing = 0;
		};
/* End PBXSourcesBuildPhase section */

/* Begin PBXTargetDependency section */
		B3D4FC262768BAC5001E4597 /* PBXTargetDependency */ = {
			isa = PBXTargetDependency;
			target = B3D4FC0D2768BAC3001E4597 /* SwiftNetworkTDD-AppivateExampleCode */;
			targetProxy = B3D4FC252768BAC5001E4597 /* PBXContainerItemProxy */;
		};
		B3D4FC302768BAC5001E4597 /* PBXTargetDependency */ = {
			isa = PBXTargetDependency;
			target = B3D4FC0D2768BAC3001E4597 /* SwiftNetworkTDD-AppivateExampleCode */;
			targetProxy = B3D4FC2F2768BAC5001E4597 /* PBXContainerItemProxy */;
		};
/* End PBXTargetDependency section */

/* Begin PBXVariantGroup section */
		B3D4FC172768BAC3001E4597 /* Main.storyboard */ = {
			isa = PBXVariantGroup;
			children = (
				B3D4FC182768BAC3001E4597 /* Base */,
			);
			name = Main.storyboard;
			sourceTree = "<group>";
		};
		B3D4FC1C2768BAC5001E4597 /* LaunchScreen.storyboard */ = {
			isa = PBXVariantGroup;
			children = (
				B3D4FC1D2768BAC5001E4597 /* Base */,
			);
			name = LaunchScreen.storyboard;
			sourceTree = "<group>";
		};
/* End PBXVariantGroup section */

/* Begin XCBuildConfiguration section */
		B3D4FC362768BAC5001E4597 /* Debug */ = {
			isa = XCBuildConfiguration;
			buildSettings = {
				ALWAYS_SEARCH_USER_PATHS = NO;
				CLANG_ANALYZER_NONNULL = YES;
				CLANG_ANALYZER_NUMBER_OBJECT_CONVERSION = YES_AGGRESSIVE;
				CLANG_CXX_LANGUAGE_STANDARD = "gnu++17";
				CLANG_CXX_LIBRARY = "libc++";
				CLANG_ENABLE_MODULES = YES;
				CLANG_ENABLE_OBJC_ARC = YES;
				CLANG_ENABLE_OBJC_WEAK = YES;
				CLANG_WARN_BLOCK_CAPTURE_AUTORELEASING = YES;
				CLANG_WARN_BOOL_CONVERSION = YES;
				CLANG_WARN_COMMA = YES;
				CLANG_WARN_CONSTANT_CONVERSION = YES;
				CLANG_WARN_DEPRECATED_OBJC_IMPLEMENTATIONS = YES;
				CLANG_WARN_DIRECT_OBJC_ISA_USAGE = YES_ERROR;
				CLANG_WARN_DOCUMENTATION_COMMENTS = YES;
				CLANG_WARN_EMPTY_BODY = YES;
				CLANG_WARN_ENUM_CONVERSION = YES;
				CLANG_WARN_INFINITE_RECURSION = YES;
				CLANG_WARN_INT_CONVERSION = YES;
				CLANG_WARN_NON_LITERAL_NULL_CONVERSION = YES;
				CLANG_WARN_OBJC_IMPLICIT_RETAIN_SELF = YES;
				CLANG_WARN_OBJC_LITERAL_CONVERSION = YES;
				CLANG_WARN_OBJC_ROOT_CLASS = YES_ERROR;
				CLANG_WARN_QUOTED_INCLUDE_IN_FRAMEWORK_HEADER = YES;
				CLANG_WARN_RANGE_LOOP_ANALYSIS = YES;
				CLANG_WARN_STRICT_PROTOTYPES = YES;
				CLANG_WARN_SUSPICIOUS_MOVE = YES;
				CLANG_WARN_UNGUARDED_AVAILABILITY = YES_AGGRESSIVE;
				CLANG_WARN_UNREACHABLE_CODE = YES;
				CLANG_WARN__DUPLICATE_METHOD_MATCH = YES;
				COPY_PHASE_STRIP = NO;
				DEBUG_INFORMATION_FORMAT = dwarf;
				ENABLE_STRICT_OBJC_MSGSEND = YES;
				ENABLE_TESTABILITY = YES;
				GCC_C_LANGUAGE_STANDARD = gnu11;
				GCC_DYNAMIC_NO_PIC = NO;
				GCC_NO_COMMON_BLOCKS = YES;
				GCC_OPTIMIZATION_LEVEL = 0;
				GCC_PREPROCESSOR_DEFINITIONS = (
					"DEBUG=1",
					"$(inherited)",
				);
				GCC_WARN_64_TO_32_BIT_CONVERSION = YES;
				GCC_WARN_ABOUT_RETURN_TYPE = YES_ERROR;
				GCC_WARN_UNDECLARED_SELECTOR = YES;
				GCC_WARN_UNINITIALIZED_AUTOS = YES_AGGRESSIVE;
				GCC_WARN_UNUSED_FUNCTION = YES;
				GCC_WARN_UNUSED_VARIABLE = YES;
				IPHONEOS_DEPLOYMENT_TARGET = 15.0;
				MTL_ENABLE_DEBUG_INFO = INCLUDE_SOURCE;
				MTL_FAST_MATH = YES;
				ONLY_ACTIVE_ARCH = YES;
				SDKROOT = iphoneos;
				SWIFT_ACTIVE_COMPILATION_CONDITIONS = DEBUG;
				SWIFT_OPTIMIZATION_LEVEL = "-Onone";
			};
			name = Debug;
		};
		B3D4FC372768BAC5001E4597 /* Release */ = {
			isa = XCBuildConfiguration;
			buildSettings = {
				ALWAYS_SEARCH_USER_PATHS = NO;
				CLANG_ANALYZER_NONNULL = YES;
				CLANG_ANALYZER_NUMBER_OBJECT_CONVERSION = YES_AGGRESSIVE;
				CLANG_CXX_LANGUAGE_STANDARD = "gnu++17";
				CLANG_CXX_LIBRARY = "libc++";
				CLANG_ENABLE_MODULES = YES;
				CLANG_ENABLE_OBJC_ARC = YES;
				CLANG_ENABLE_OBJC_WEAK = YES;
				CLANG_WARN_BLOCK_CAPTURE_AUTORELEASING = YES;
				CLANG_WARN_BOOL_CONVERSION = YES;
				CLANG_WARN_COMMA = YES;
				CLANG_WARN_CONSTANT_CONVERSION = YES;
				CLANG_WARN_DEPRECATED_OBJC_IMPLEMENTATIONS = YES;
				CLANG_WARN_DIRECT_OBJC_ISA_USAGE = YES_ERROR;
				CLANG_WARN_DOCUMENTATION_COMMENTS = YES;
				CLANG_WARN_EMPTY_BODY = YES;
				CLANG_WARN_ENUM_CONVERSION = YES;
				CLANG_WARN_INFINITE_RECURSION = YES;
				CLANG_WARN_INT_CONVERSION = YES;
				CLANG_WARN_NON_LITERAL_NULL_CONVERSION = YES;
				CLANG_WARN_OBJC_IMPLICIT_RETAIN_SELF = YES;
				CLANG_WARN_OBJC_LITERAL_CONVERSION = YES;
				CLANG_WARN_OBJC_ROOT_CLASS = YES_ERROR;
				CLANG_WARN_QUOTED_INCLUDE_IN_FRAMEWORK_HEADER = YES;
				CLANG_WARN_RANGE_LOOP_ANALYSIS = YES;
				CLANG_WARN_STRICT_PROTOTYPES = YES;
				CLANG_WARN_SUSPICIOUS_MOVE = YES;
				CLANG_WARN_UNGUARDED_AVAILABILITY = YES_AGGRESSIVE;
				CLANG_WARN_UNREACHABLE_CODE = YES;
				CLANG_WARN__DUPLICATE_METHOD_MATCH = YES;
				COPY_PHASE_STRIP = NO;
				DEBUG_INFORMATION_FORMAT = "dwarf-with-dsym";
				ENABLE_NS_ASSERTIONS = NO;
				ENABLE_STRICT_OBJC_MSGSEND = YES;
				GCC_C_LANGUAGE_STANDARD = gnu11;
				GCC_NO_COMMON_BLOCKS = YES;
				GCC_WARN_64_TO_32_BIT_CONVERSION = YES;
				GCC_WARN_ABOUT_RETURN_TYPE = YES_ERROR;
				GCC_WARN_UNDECLARED_SELECTOR = YES;
				GCC_WARN_UNINITIALIZED_AUTOS = YES_AGGRESSIVE;
				GCC_WARN_UNUSED_FUNCTION = YES;
				GCC_WARN_UNUSED_VARIABLE = YES;
				IPHONEOS_DEPLOYMENT_TARGET = 15.0;
				MTL_ENABLE_DEBUG_INFO = NO;
				MTL_FAST_MATH = YES;
				SDKROOT = iphoneos;
				SWIFT_COMPILATION_MODE = wholemodule;
				SWIFT_OPTIMIZATION_LEVEL = "-O";
				VALIDATE_PRODUCT = YES;
			};
			name = Release;
		};
		B3D4FC392768BAC5001E4597 /* Debug */ = {
			isa = XCBuildConfiguration;
			buildSettings = {
				ASSETCATALOG_COMPILER_APPICON_NAME = AppIcon;
				ASSETCATALOG_COMPILER_GLOBAL_ACCENT_COLOR_NAME = AccentColor;
				CODE_SIGN_STYLE = Automatic;
				CURRENT_PROJECT_VERSION = 1;
				DEVELOPMENT_TEAM = 5PRV5PD957;
				GENERATE_INFOPLIST_FILE = YES;
				INFOPLIST_FILE = "SwiftNetworkTDD-AppivateExampleCode/Info.plist";
				INFOPLIST_KEY_UIApplicationSupportsIndirectInputEvents = YES;
				INFOPLIST_KEY_UILaunchStoryboardName = LaunchScreen;
				INFOPLIST_KEY_UIMainStoryboardFile = Main;
				INFOPLIST_KEY_UISupportedInterfaceOrientations_iPad = "UIInterfaceOrientationPortrait UIInterfaceOrientationPortraitUpsideDown UIInterfaceOrientationLandscapeLeft UIInterfaceOrientationLandscapeRight";
				INFOPLIST_KEY_UISupportedInterfaceOrientations_iPhone = "UIInterfaceOrientationPortrait UIInterfaceOrientationLandscapeLeft UIInterfaceOrientationLandscapeRight";
				LD_RUNPATH_SEARCH_PATHS = (
					"$(inherited)",
					"@executable_path/Frameworks",
				);
				MARKETING_VERSION = 1.0;
				PRODUCT_BUNDLE_IDENTIFIER = "com.appivate.SwiftNetworkTDD-AppivateExampleCode";
				PRODUCT_NAME = "$(TARGET_NAME)";
				SWIFT_EMIT_LOC_STRINGS = YES;
				SWIFT_VERSION = 5.0;
				TARGETED_DEVICE_FAMILY = "1,2";
			};
			name = Debug;
		};
		B3D4FC3A2768BAC5001E4597 /* Release */ = {
			isa = XCBuildConfiguration;
			buildSettings = {
				ASSETCATALOG_COMPILER_APPICON_NAME = AppIcon;
				ASSETCATALOG_COMPILER_GLOBAL_ACCENT_COLOR_NAME = AccentColor;
				CODE_SIGN_STYLE = Automatic;
				CURRENT_PROJECT_VERSION = 1;
				DEVELOPMENT_TEAM = 5PRV5PD957;
				GENERATE_INFOPLIST_FILE = YES;
				INFOPLIST_FILE = "SwiftNetworkTDD-AppivateExampleCode/Info.plist";
				INFOPLIST_KEY_UIApplicationSupportsIndirectInputEvents = YES;
				INFOPLIST_KEY_UILaunchStoryboardName = LaunchScreen;
				INFOPLIST_KEY_UIMainStoryboardFile = Main;
				INFOPLIST_KEY_UISupportedInterfaceOrientations_iPad = "UIInterfaceOrientationPortrait UIInterfaceOrientationPortraitUpsideDown UIInterfaceOrientationLandscapeLeft UIInterfaceOrientationLandscapeRight";
				INFOPLIST_KEY_UISupportedInterfaceOrientations_iPhone = "UIInterfaceOrientationPortrait UIInterfaceOrientationLandscapeLeft UIInterfaceOrientationLandscapeRight";
				LD_RUNPATH_SEARCH_PATHS = (
					"$(inherited)",
					"@executable_path/Frameworks",
				);
				MARKETING_VERSION = 1.0;
				PRODUCT_BUNDLE_IDENTIFIER = "com.appivate.SwiftNetworkTDD-AppivateExampleCode";
				PRODUCT_NAME = "$(TARGET_NAME)";
				SWIFT_EMIT_LOC_STRINGS = YES;
				SWIFT_VERSION = 5.0;
				TARGETED_DEVICE_FAMILY = "1,2";
			};
			name = Release;
		};
		B3D4FC3C2768BAC5001E4597 /* Debug */ = {
			isa = XCBuildConfiguration;
			buildSettings = {
				ALWAYS_EMBED_SWIFT_STANDARD_LIBRARIES = YES;
				BUNDLE_LOADER = "$(TEST_HOST)";
				CODE_SIGN_STYLE = Automatic;
				CURRENT_PROJECT_VERSION = 1;
				DEVELOPMENT_TEAM = 5PRV5PD957;
				GENERATE_INFOPLIST_FILE = YES;
				IPHONEOS_DEPLOYMENT_TARGET = 15.0;
				LD_RUNPATH_SEARCH_PATHS = (
					"$(inherited)",
					"@executable_path/Frameworks",
					"@loader_path/Frameworks",
				);
				MARKETING_VERSION = 1.0;
				PRODUCT_BUNDLE_IDENTIFIER = "com.appivate.SwiftNetworkTDD-AppivateExampleCodeTests";
				PRODUCT_NAME = "$(TARGET_NAME)";
				SWIFT_EMIT_LOC_STRINGS = NO;
				SWIFT_VERSION = 5.0;
				TARGETED_DEVICE_FAMILY = "1,2";
				TEST_HOST = "$(BUILT_PRODUCTS_DIR)/SwiftNetworkTDD-AppivateExampleCode.app/SwiftNetworkTDD-AppivateExampleCode";
			};
			name = Debug;
		};
		B3D4FC3D2768BAC5001E4597 /* Release */ = {
			isa = XCBuildConfiguration;
			buildSettings = {
				ALWAYS_EMBED_SWIFT_STANDARD_LIBRARIES = YES;
				BUNDLE_LOADER = "$(TEST_HOST)";
				CODE_SIGN_STYLE = Automatic;
				CURRENT_PROJECT_VERSION = 1;
				DEVELOPMENT_TEAM = 5PRV5PD957;
				GENERATE_INFOPLIST_FILE = YES;
				IPHONEOS_DEPLOYMENT_TARGET = 15.0;
				LD_RUNPATH_SEARCH_PATHS = (
					"$(inherited)",
					"@executable_path/Frameworks",
					"@loader_path/Frameworks",
				);
				MARKETING_VERSION = 1.0;
				PRODUCT_BUNDLE_IDENTIFIER = "com.appivate.SwiftNetworkTDD-AppivateExampleCodeTests";
				PRODUCT_NAME = "$(TARGET_NAME)";
				SWIFT_EMIT_LOC_STRINGS = NO;
				SWIFT_VERSION = 5.0;
				TARGETED_DEVICE_FAMILY = "1,2";
				TEST_HOST = "$(BUILT_PRODUCTS_DIR)/SwiftNetworkTDD-AppivateExampleCode.app/SwiftNetworkTDD-AppivateExampleCode";
			};
			name = Release;
		};
		B3D4FC3F2768BAC5001E4597 /* Debug */ = {
			isa = XCBuildConfiguration;
			buildSettings = {
				ALWAYS_EMBED_SWIFT_STANDARD_LIBRARIES = YES;
				CODE_SIGN_STYLE = Automatic;
				CURRENT_PROJECT_VERSION = 1;
				DEVELOPMENT_TEAM = 5PRV5PD957;
				GENERATE_INFOPLIST_FILE = YES;
				LD_RUNPATH_SEARCH_PATHS = (
					"$(inherited)",
					"@executable_path/Frameworks",
					"@loader_path/Frameworks",
				);
				MARKETING_VERSION = 1.0;
				PRODUCT_BUNDLE_IDENTIFIER = "com.appivate.SwiftNetworkTDD-AppivateExampleCodeUITests";
				PRODUCT_NAME = "$(TARGET_NAME)";
				SWIFT_EMIT_LOC_STRINGS = NO;
				SWIFT_VERSION = 5.0;
				TARGETED_DEVICE_FAMILY = "1,2";
				TEST_TARGET_NAME = "SwiftNetworkTDD-AppivateExampleCode";
			};
			name = Debug;
		};
		B3D4FC402768BAC5001E4597 /* Release */ = {
			isa = XCBuildConfiguration;
			buildSettings = {
				ALWAYS_EMBED_SWIFT_STANDARD_LIBRARIES = YES;
				CODE_SIGN_STYLE = Automatic;
				CURRENT_PROJECT_VERSION = 1;
				DEVELOPMENT_TEAM = 5PRV5PD957;
				GENERATE_INFOPLIST_FILE = YES;
				LD_RUNPATH_SEARCH_PATHS = (
					"$(inherited)",
					"@executable_path/Frameworks",
					"@loader_path/Frameworks",
				);
				MARKETING_VERSION = 1.0;
				PRODUCT_BUNDLE_IDENTIFIER = "com.appivate.SwiftNetworkTDD-AppivateExampleCodeUITests";
				PRODUCT_NAME = "$(TARGET_NAME)";
				SWIFT_EMIT_LOC_STRINGS = NO;
				SWIFT_VERSION = 5.0;
				TARGETED_DEVICE_FAMILY = "1,2";
				TEST_TARGET_NAME = "SwiftNetworkTDD-AppivateExampleCode";
			};
			name = Release;
		};
/* End XCBuildConfiguration section */

/* Begin XCConfigurationList section */
		B3D4FC092768BAC3001E4597 /* Build configuration list for PBXProject "SwiftNetworkTDD-AppivateExampleCode" */ = {
			isa = XCConfigurationList;
			buildConfigurations = (
				B3D4FC362768BAC5001E4597 /* Debug */,
				B3D4FC372768BAC5001E4597 /* Release */,
			);
			defaultConfigurationIsVisible = 0;
			defaultConfigurationName = Release;
		};
		B3D4FC382768BAC5001E4597 /* Build configuration list for PBXNativeTarget "SwiftNetworkTDD-AppivateExampleCode" */ = {
			isa = XCConfigurationList;
			buildConfigurations = (
				B3D4FC392768BAC5001E4597 /* Debug */,
				B3D4FC3A2768BAC5001E4597 /* Release */,
			);
			defaultConfigurationIsVisible = 0;
			defaultConfigurationName = Release;
		};
		B3D4FC3B2768BAC5001E4597 /* Build configuration list for PBXNativeTarget "SwiftNetworkTDD-AppivateExampleCodeTests" */ = {
			isa = XCConfigurationList;
			buildConfigurations = (
				B3D4FC3C2768BAC5001E4597 /* Debug */,
				B3D4FC3D2768BAC5001E4597 /* Release */,
			);
			defaultConfigurationIsVisible = 0;
			defaultConfigurationName = Release;
		};
		B3D4FC3E2768BAC5001E4597 /* Build configuration list for PBXNativeTarget "SwiftNetworkTDD-AppivateExampleCodeUITests" */ = {
			isa = XCConfigurationList;
			buildConfigurations = (
				B3D4FC3F2768BAC5001E4597 /* Debug */,
				B3D4FC402768BAC5001E4597 /* Release */,
			);
			defaultConfigurationIsVisible = 0;
			defaultConfigurationName = Release;
		};
/* End XCConfigurationList section */
	};
	rootObject = B3D4FC062768BAC3001E4597 /* Project object */;
}
